
Microsoft Visual Studio Solution File, Format Version 12.00
# Visual Studio Version 16
VisualStudioVersion = 16.0.31129.286
MinimumVisualStudioVersion = 10.0.40219.1
Project("{159641D6-6404-4A2A-AE62-294DE0FE8301}") = "IMT577", "IMT577\IMT577.dtproj", "{F3CF119F-6E4A-434D-8A22-66F8797EDA55}"
EndProject
Global
	GlobalSection(SolutionConfigurationPlatforms) = preSolution
		Development|Default = Development|Default
	EndGlobalSection
	GlobalSection(ProjectConfigurationPlatforms) = postSolution
		{F3CF119F-6E4A-434D-8A22-66F8797EDA55}.Development|Default.ActiveCfg = Development
		{F3CF119F-6E4A-434D-8A22-66F8797EDA55}.Development|Default.Build.0 = Development
	EndGlobalSection
	GlobalSection(SolutionProperties) = preSolution
		HideSolutionNode = FALSE
	EndGlobalSection
	GlobalSection(ExtensibilityGlobals) = postSolution
		SolutionGuid = {0B043AA8-1598-4788-B1DE-0656B534C065}
	EndGlobalSection
EndGlobal
